
Microsoft Visual Studio Solution File, Format Version 11.00
# Visual Studio 2010
Project("{8BC9CEB8-8B4A-11D0-8D11-00A0C91BC942}") = "p01_DocumentView", "p01_DocumentView\p01_DocumentView.vcxproj", "{FC47D43E-9C36-40CF-81A9-FF2A63C63CF5}"
EndProject
Global
	GlobalSection(SolutionConfigurationPlatforms) = preSolution
		Debug|Win32 = Debug|Win32
		Release|Win32 = Release|Win32
	EndGlobalSection
	GlobalSection(ProjectConfigurationPlatforms) = postSolution
		{FC47D43E-9C36-40CF-81A9-FF2A63C63CF5}.Debug|Win32.ActiveCfg = Debug|Win32
		{FC47D43E-9C36-40CF-81A9-FF2A63C63CF5}.Debug|Win32.Build.0 = Debug|Win32
		{FC47D43E-9C36-40CF-81A9-FF2A63C63CF5}.Release|Win32.ActiveCfg = Release|Win32
		{FC47D43E-9C36-40CF-81A9-FF2A63C63CF5}.Release|Win32.Build.0 = Release|Win32
	EndGlobalSection
	GlobalSection(SolutionProperties) = preSolution
		HideSolutionNode = FALSE
	EndGlobalSection
EndGlobal
