
Microsoft Visual Studio Solution File, Format Version 11.00
# Visual Studio 2010
Project("{8BC9CEB8-8B4A-11D0-8D11-00A0C91BC942}") = "p01-mdi", "p01-mdi\p01-mdi.vcxproj", "{52A2FC06-DFBF-439F-9332-69FA55A03806}"
EndProject
Project("{8BC9CEB8-8B4A-11D0-8D11-00A0C91BC942}") = "tmp", "tmp\tmp.vcxproj", "{7C031154-4172-4708-A8D1-56488BDF512E}"
EndProject
Global
	GlobalSection(SolutionConfigurationPlatforms) = preSolution
		Debug|Win32 = Debug|Win32
		Release|Win32 = Release|Win32
	EndGlobalSection
	GlobalSection(ProjectConfigurationPlatforms) = postSolution
		{52A2FC06-DFBF-439F-9332-69FA55A03806}.Debug|Win32.ActiveCfg = Debug|Win32
		{52A2FC06-DFBF-439F-9332-69FA55A03806}.Debug|Win32.Build.0 = Debug|Win32
		{52A2FC06-DFBF-439F-9332-69FA55A03806}.Release|Win32.ActiveCfg = Release|Win32
		{52A2FC06-DFBF-439F-9332-69FA55A03806}.Release|Win32.Build.0 = Release|Win32
		{7C031154-4172-4708-A8D1-56488BDF512E}.Debug|Win32.ActiveCfg = Debug|Win32
		{7C031154-4172-4708-A8D1-56488BDF512E}.Debug|Win32.Build.0 = Debug|Win32
		{7C031154-4172-4708-A8D1-56488BDF512E}.Release|Win32.ActiveCfg = Release|Win32
		{7C031154-4172-4708-A8D1-56488BDF512E}.Release|Win32.Build.0 = Release|Win32
	EndGlobalSection
	GlobalSection(SolutionProperties) = preSolution
		HideSolutionNode = FALSE
	EndGlobalSection
EndGlobal
