
Microsoft Visual Studio Solution File, Format Version 11.00
# Visual Studio 2010
Project("{8BC9CEB8-8B4A-11D0-8D11-00A0C91BC942}") = "p01-cpaintdc", "cpaintdc\cpaintdc.vcxproj", "{2F02F458-D34A-4681-AF53-79A8D2D7E040}"
EndProject
Project("{8BC9CEB8-8B4A-11D0-8D11-00A0C91BC942}") = "p02-cclinent", "p02-cclinent\p02-cclinent.vcxproj", "{FC561074-DBEF-4722-B05F-54052C0FA410}"
EndProject
Global
	GlobalSection(SolutionConfigurationPlatforms) = preSolution
		Debug|Win32 = Debug|Win32
		Release|Win32 = Release|Win32
	EndGlobalSection
	GlobalSection(ProjectConfigurationPlatforms) = postSolution
		{2F02F458-D34A-4681-AF53-79A8D2D7E040}.Debug|Win32.ActiveCfg = Debug|Win32
		{2F02F458-D34A-4681-AF53-79A8D2D7E040}.Debug|Win32.Build.0 = Debug|Win32
		{2F02F458-D34A-4681-AF53-79A8D2D7E040}.Release|Win32.ActiveCfg = Release|Win32
		{2F02F458-D34A-4681-AF53-79A8D2D7E040}.Release|Win32.Build.0 = Release|Win32
		{FC561074-DBEF-4722-B05F-54052C0FA410}.Debug|Win32.ActiveCfg = Debug|Win32
		{FC561074-DBEF-4722-B05F-54052C0FA410}.Debug|Win32.Build.0 = Debug|Win32
		{FC561074-DBEF-4722-B05F-54052C0FA410}.Release|Win32.ActiveCfg = Release|Win32
		{FC561074-DBEF-4722-B05F-54052C0FA410}.Release|Win32.Build.0 = Release|Win32
	EndGlobalSection
	GlobalSection(SolutionProperties) = preSolution
		HideSolutionNode = FALSE
	EndGlobalSection
EndGlobal
