
Microsoft Visual Studio Solution File, Format Version 11.00
# Visual Studio 2010
Project("{8BC9CEB8-8B4A-11D0-8D11-00A0C91BC942}") = "p01-drawcircles", "p01-drawcircles\p01-drawcircles.vcxproj", "{53F7ED4F-6B8A-43D1-8FE0-1438A5422AAF}"
EndProject
Project("{8BC9CEB8-8B4A-11D0-8D11-00A0C91BC942}") = "p02-drawcirclewithmousecapture", "p02-drawcirclewithmousecapture\p02-drawcirclewithmousecapture.vcxproj", "{82E03FD3-9BD0-4E9C-BF8B-F28532A0AFDA}"
EndProject
Project("{8BC9CEB8-8B4A-11D0-8D11-00A0C91BC942}") = "test0101", "test0101\test0101.vcxproj", "{AA5BCCB0-2F7B-4218-B327-5423104E995A}"
EndProject
Project("{8BC9CEB8-8B4A-11D0-8D11-00A0C91BC942}") = "p03-disavleclosebutton", "p3-disavleclosebutton\p3-disavleclosebutton.vcxproj", "{0ED8A684-DC8D-4746-A16A-90CE1B387648}"
EndProject
Project("{8BC9CEB8-8B4A-11D0-8D11-00A0C91BC942}") = "p04-changecursor", "p04-changecursor\p04-changecursor.vcxproj", "{B24453AC-BB25-4D07-971A-D658D468945A}"
EndProject
Project("{8BC9CEB8-8B4A-11D0-8D11-00A0C91BC942}") = "p05-trackmouse", "p05-trackmouse\p05-trackmouse.vcxproj", "{9D98C462-78A2-402C-9A2C-DC096AB594CF}"
EndProject
Global
	GlobalSection(SolutionConfigurationPlatforms) = preSolution
		Debug|Win32 = Debug|Win32
		Release|Win32 = Release|Win32
	EndGlobalSection
	GlobalSection(ProjectConfigurationPlatforms) = postSolution
		{53F7ED4F-6B8A-43D1-8FE0-1438A5422AAF}.Debug|Win32.ActiveCfg = Debug|Win32
		{53F7ED4F-6B8A-43D1-8FE0-1438A5422AAF}.Debug|Win32.Build.0 = Debug|Win32
		{53F7ED4F-6B8A-43D1-8FE0-1438A5422AAF}.Release|Win32.ActiveCfg = Release|Win32
		{53F7ED4F-6B8A-43D1-8FE0-1438A5422AAF}.Release|Win32.Build.0 = Release|Win32
		{82E03FD3-9BD0-4E9C-BF8B-F28532A0AFDA}.Debug|Win32.ActiveCfg = Debug|Win32
		{82E03FD3-9BD0-4E9C-BF8B-F28532A0AFDA}.Debug|Win32.Build.0 = Debug|Win32
		{82E03FD3-9BD0-4E9C-BF8B-F28532A0AFDA}.Release|Win32.ActiveCfg = Release|Win32
		{82E03FD3-9BD0-4E9C-BF8B-F28532A0AFDA}.Release|Win32.Build.0 = Release|Win32
		{AA5BCCB0-2F7B-4218-B327-5423104E995A}.Debug|Win32.ActiveCfg = Debug|Win32
		{AA5BCCB0-2F7B-4218-B327-5423104E995A}.Debug|Win32.Build.0 = Debug|Win32
		{AA5BCCB0-2F7B-4218-B327-5423104E995A}.Release|Win32.ActiveCfg = Release|Win32
		{AA5BCCB0-2F7B-4218-B327-5423104E995A}.Release|Win32.Build.0 = Release|Win32
		{0ED8A684-DC8D-4746-A16A-90CE1B387648}.Debug|Win32.ActiveCfg = Debug|Win32
		{0ED8A684-DC8D-4746-A16A-90CE1B387648}.Debug|Win32.Build.0 = Debug|Win32
		{0ED8A684-DC8D-4746-A16A-90CE1B387648}.Release|Win32.ActiveCfg = Release|Win32
		{0ED8A684-DC8D-4746-A16A-90CE1B387648}.Release|Win32.Build.0 = Release|Win32
		{B24453AC-BB25-4D07-971A-D658D468945A}.Debug|Win32.ActiveCfg = Debug|Win32
		{B24453AC-BB25-4D07-971A-D658D468945A}.Debug|Win32.Build.0 = Debug|Win32
		{B24453AC-BB25-4D07-971A-D658D468945A}.Release|Win32.ActiveCfg = Release|Win32
		{B24453AC-BB25-4D07-971A-D658D468945A}.Release|Win32.Build.0 = Release|Win32
		{9D98C462-78A2-402C-9A2C-DC096AB594CF}.Debug|Win32.ActiveCfg = Debug|Win32
		{9D98C462-78A2-402C-9A2C-DC096AB594CF}.Debug|Win32.Build.0 = Debug|Win32
		{9D98C462-78A2-402C-9A2C-DC096AB594CF}.Release|Win32.ActiveCfg = Release|Win32
		{9D98C462-78A2-402C-9A2C-DC096AB594CF}.Release|Win32.Build.0 = Release|Win32
	EndGlobalSection
	GlobalSection(SolutionProperties) = preSolution
		HideSolutionNode = FALSE
	EndGlobalSection
EndGlobal
